
Microsoft Visual Studio Solution File, Format Version 12.00
# Visual Studio Version 16
VisualStudioVersion = 16.0.29215.179
MinimumVisualStudioVersion = 10.0.40219.1
Project("{FAE04EC0-301F-11D3-BF4B-00C04F79EFBC}") = "RentaCamara", "RentaCamara\RentaCamara.csproj", "{B9A865F3-7BAF-4DB9-AFA3-7B954CBE727A}"
EndProject
Global
	GlobalSection(SolutionConfigurationPlatforms) = preSolution
		Debug|Any CPU = Debug|Any CPU
		Release|Any CPU = Release|Any CPU
	EndGlobalSection
	GlobalSection(ProjectConfigurationPlatforms) = postSolution
		{B9A865F3-7BAF-4DB9-AFA3-7B954CBE727A}.Debug|Any CPU.ActiveCfg = Debug|Any CPU
		{B9A865F3-7BAF-4DB9-AFA3-7B954CBE727A}.Debug|Any CPU.Build.0 = Debug|Any CPU
		{B9A865F3-7BAF-4DB9-AFA3-7B954CBE727A}.Release|Any CPU.ActiveCfg = Release|Any CPU
		{B9A865F3-7BAF-4DB9-AFA3-7B954CBE727A}.Release|Any CPU.Build.0 = Release|Any CPU
	EndGlobalSection
	GlobalSection(SolutionProperties) = preSolution
		HideSolutionNode = FALSE
	EndGlobalSection
	GlobalSection(ExtensibilityGlobals) = postSolution
		SolutionGuid = {9F5DEB65-B759-426C-9BEC-6BC530C9F5EF}
	EndGlobalSection
EndGlobal
